// !$*UTF8*$!
{
	archiveVersion = 1;
	classes = {
	};
	objectVersion = 46;
	objects = {

/* Begin PBXBuildFile section */
		2D5BA42B1E5E969200A01DF9 /* AppDelegate.swift in Sources */ = {isa = PBXBuildFile; fileRef = 2D5BA42A1E5E969200A01DF9 /* AppDelegate.swift */; };
		2D5BA42D1E5E969200A01DF9 /* ViewController.swift in Sources */ = {isa = PBXBuildFile; fileRef = 2D5BA42C1E5E969200A01DF9 /* ViewController.swift */; };
		2D5BA4301E5E969200A01DF9 /* Main.storyboard in Resources */ = {isa = PBXBuildFile; fileRef = 2D5BA42E1E5E969200A01DF9 /* Main.storyboard */; };
		2D5BA4321E5E969200A01DF9 /* Assets.xcassets in Resources */ = {isa = PBXBuildFile; fileRef = 2D5BA4311E5E969200A01DF9 /* Assets.xcassets */; };
		2D5BA4351E5E969200A01DF9 /* LaunchScreen.storyboard in Resources */ = {isa = PBXBuildFile; fileRef = 2D5BA4331E5E969200A01DF9 /* LaunchScreen.storyboard */; };
		2D86DAA01E5FEB8C00823EA6 /* CalculatorBrain.swift in Sources */ = {isa = PBXBuildFile; fileRef = 2D86DA9F1E5FEB8C00823EA6 /* CalculatorBrain.swift */; };
/* End PBXBuildFile section */

/* Begin PBXFileReference section */
		2D5BA4271E5E969200A01DF9 /* Calculator.app */ = {isa = PBXFileReference; explicitFileType = wrapper.application; includeInIndex = 0; path = Calculator.app; sourceTree = BUILT_PRODUCTS_DIR; };
		2D5BA42A1E5E969200A01DF9 /* AppDelegate.swift */ = {isa = PBXFileReference; lastKnownFileType = sourcecode.swift; path = AppDelegate.swift; sourceTree = "<group>"; };
		2D5BA42C1E5E969200A01DF9 /* ViewController.swift */ = {isa = PBXFileReference; lastKnownFileType = sourcecode.swift; path = ViewController.swift; sourceTree = "<group>"; };
		2D5BA42F1E5E969200A01DF9 /* Base */ = {isa = PBXFileReference; lastKnownFileType = file.storyboard; name = Base; path = Base.lproj/Main.storyboard; sourceTree = "<group>"; };
		2D5BA4311E5E969200A01DF9 /* Assets.xcassets */ = {isa = PBXFileReference; lastKnownFileType = folder.assetcatalog; path = Assets.xcassets; sourceTree = "<group>"; };
		2D5BA4341E5E969200A01DF9 /* Base */ = {isa = PBXFileReference; lastKnownFileType = file.storyboard; name = Base; path = Base.lproj/LaunchScreen.storyboard; sourceTree = "<group>"; };
		2D5BA4361E5E969200A01DF9 /* Info.plist */ = {isa = PBXFileReference; lastKnownFileType = text.plist.xml; path = Info.plist; sourceTree = "<group>"; };
		2D86DA9F1E5FEB8C00823EA6 /* CalculatorBrain.swift */ = {isa = PBXFileReference; fileEncoding = 4; lastKnownFileType = sourcecode.swift; path = CalculatorBrain.swift; sourceTree = "<group>"; };
/* End PBXFileReference section */

/* Begin PBXFrameworksBuildPhase section */
		2D5BA4241E5E969200A01DF9 /* Frameworks */ = {
			isa = PBXFrameworksBuildPhase;
			buildActionMask = 2147483647;
			files = (
			);
			runOnlyForDeploymentPostprocessing = 0;
		};
/* End PBXFrameworksBuildPhase section */

/* Begin PBXGroup section */
		2D5BA41E1E5E969100A01DF9 = {
			isa = PBXGroup;
			children = (
				2D5BA4291E5E969200A01DF9 /* Calculator */,
				2D5BA4281E5E969200A01DF9 /* Products */,
			);
			sourceTree = "<group>";
		};
		2D5BA4281E5E969200A01DF9 /* Products */ = {
			isa = PBXGroup;
			children = (
				2D5BA4271E5E969200A01DF9 /* Calculator.app */,
			);
			name = Products;
			sourceTree = "<group>";
		};
		2D5BA4291E5E969200A01DF9 /* Calculator */ = {
			isa = PBXGroup;
			children = (
				2D5BA42C1E5E969200A01DF9 /* ViewController.swift */,
				2D5BA42A1E5E969200A01DF9 /* AppDelegate.swift */,
				2D86DA9F1E5FEB8C00823EA6 /* CalculatorBrain.swift */,
				2D5BA43C1E5E96B000A01DF9 /* Supporting Files */,
			);
			path = Calculator;
			sourceTree = "<group>";
		};
		2D5BA43C1E5E96B000A01DF9 /* Supporting Files */ = {
			isa = PBXGroup;
			children = (
				2D5BA4311E5E969200A01DF9 /* Assets.xcassets */,
				2D5BA42E1E5E969200A01DF9 /* Main.storyboard */,
				2D5BA4331E5E969200A01DF9 /* LaunchScreen.storyboard */,
				2D5BA4361E5E969200A01DF9 /* Info.plist */,
			);
			name = "Supporting Files";
			sourceTree = "<group>";
		};
/* End PBXGroup section */

/* Begin PBXNativeTarget section */
		2D5BA4261E5E969200A01DF9 /* Calculator */ = {
			isa = PBXNativeTarget;
			buildConfigurationList = 2D5BA4391E5E969200A01DF9 /* Build configuration list for PBXNativeTarget "Calculator" */;
			buildPhases = (
				2D5BA4231E5E969200A01DF9 /* Sources */,
				2D5BA4241E5E969200A01DF9 /* Frameworks */,
				2D5BA4251E5E969200A01DF9 /* Resources */,
			);
			buildRules = (
			);
			dependencies = (
			);
			name = Calculator;
			productName = Calculator;
			productReference = 2D5BA4271E5E969200A01DF9 /* Calculator.app */;
			productType = "com.apple.product-type.application";
		};
/* End PBXNativeTarget section */

/* Begin PBXProject section */
		2D5BA41F1E5E969100A01DF9 /* Project object */ = {
			isa = PBXProject;
			attributes = {
				LastSwiftUpdateCheck = 0820;
				LastUpgradeCheck = 0820;
				ORGANIZATIONNAME = DDStudio;
				TargetAttributes = {
					2D5BA4261E5E969200A01DF9 = {
						CreatedOnToolsVersion = 8.2.1;
						DevelopmentTeam = 37FT5JDGMA;
						ProvisioningStyle = Automatic;
					};
				};
			};
			buildConfigurationList = 2D5BA4221E5E969100A01DF9 /* Build configuration list for PBXProject "Calculator" */;
			compatibilityVersion = "Xcode 3.2";
			developmentRegion = English;
			hasScannedForEncodings = 0;
			knownRegions = (
				en,
				Base,
			);
			mainGroup = 2D5BA41E1E5E969100A01DF9;
			productRefGroup = 2D5BA4281E5E969200A01DF9 /* Products */;
			projectDirPath = "";
			projectRoot = "";
			targets = (
				2D5BA4261E5E969200A01DF9 /* Calculator */,
			);
		};
/* End PBXProject section */

/* Begin PBXResourcesBuildPhase section */
		2D5BA4251E5E969200A01DF9 /* Resources */ = {
			isa = PBXResourcesBuildPhase;
			buildActionMask = 2147483647;
			files = (
				2D5BA4351E5E969200A01DF9 /* LaunchScreen.storyboard in Resources */,
				2D5BA4321E5E969200A01DF9 /* Assets.xcassets in Resources */,
				2D5BA4301E5E969200A01DF9 /* Main.storyboard in Resources */,
			);
			runOnlyForDeploymentPostprocessing = 0;
		};
/* End PBXResourcesBuildPhase section */

/* Begin PBXSourcesBuildPhase section */
		2D5BA4231E5E969200A01DF9 /* Sources */ = {
			isa = PBXSourcesBuildPhase;
			buildActionMask = 2147483647;
			files = (
				2D86DAA01E5FEB8C00823EA6 /* CalculatorBrain.swift in Sources */,
				2D5BA42D1E5E969200A01DF9 /* ViewController.swift in Sources */,
				2D5BA42B1E5E969200A01DF9 /* AppDelegate.swift in Sources */,
			);
			runOnlyForDeploymentPostprocessing = 0;
		};
/* End PBXSourcesBuildPhase section */

/* Begin PBXVariantGroup section */
		2D5BA42E1E5E969200A01DF9 /* Main.storyboard */ = {
			isa = PBXVariantGroup;
			children = (
				2D5BA42F1E5E969200A01DF9 /* Base */,
			);
			name = Main.storyboard;
			sourceTree = "<group>";
		};
		2D5BA4331E5E969200A01DF9 /* LaunchScreen.storyboard */ = {
			isa = PBXVariantGroup;
			children = (
				2D5BA4341E5E969200A01DF9 /* Base */,
			);
			name = LaunchScreen.storyboard;
			sourceTree = "<group>";
		};
/* End PBXVariantGroup section */

/* Begin XCBuildConfiguration section */
		2D5BA4371E5E969200A01DF9 /* Debug */ = {
			isa = XCBuildConfiguration;
			buildSettings = {
				ALWAYS_SEARCH_USER_PATHS = NO;
				CLANG_ANALYZER_NONNULL = YES;
				CLANG_CXX_LANGUAGE_STANDARD = "gnu++0x";
				CLANG_CXX_LIBRARY = "libc++";
				CLANG_ENABLE_MODULES = YES;
				CLANG_ENABLE_OBJC_ARC = YES;
				CLANG_WARN_BOOL_CONVERSION = YES;
				CLANG_WARN_CONSTANT_CONVERSION = YES;
				CLANG_WARN_DIRECT_OBJC_ISA_USAGE = YES_ERROR;
				CLANG_WARN_DOCUMENTATION_COMMENTS = YES;
				CLANG_WARN_EMPTY_BODY = YES;
				CLANG_WARN_ENUM_CONVERSION = YES;
				CLANG_WARN_INFINITE_RECURSION = YES;
				CLANG_WARN_INT_CONVERSION = YES;
				CLANG_WARN_OBJC_ROOT_CLASS = YES_ERROR;
				CLANG_WARN_SUSPICIOUS_MOVE = YES;
				CLANG_WARN_UNREACHABLE_CODE = YES;
				CLANG_WARN__DUPLICATE_METHOD_MATCH = YES;
				"CODE_SIGN_IDENTITY[sdk=iphoneos*]" = "iPhone Developer";
				COPY_PHASE_STRIP = NO;
				DEBUG_INFORMATION_FORMAT = dwarf;
				ENABLE_STRICT_OBJC_MSGSEND = YES;
				ENABLE_TESTABILITY = YES;
				GCC_C_LANGUAGE_STANDARD = gnu99;
				GCC_DYNAMIC_NO_PIC = NO;
				GCC_NO_COMMON_BLOCKS = YES;
				GCC_OPTIMIZATION_LEVEL = 0;
				GCC_PREPROCESSOR_DEFINITIONS = (
					"DEBUG=1",
					"$(inherited)",
				);
				GCC_WARN_64_TO_32_BIT_CONVERSION = YES;
				GCC_WARN_ABOUT_RETURN_TYPE = YES_ERROR;
				GCC_WARN_UNDECLARED_SELECTOR = YES;
				GCC_WARN_UNINITIALIZED_AUTOS = YES_AGGRESSIVE;
				GCC_WARN_UNUSED_FUNCTION = YES;
				GCC_WARN_UNUSED_VARIABLE = YES;
				IPHONEOS_DEPLOYMENT_TARGET = 10.2;
				MTL_ENABLE_DEBUG_INFO = YES;
				ONLY_ACTIVE_ARCH = YES;
				SDKROOT = iphoneos;
				SWIFT_ACTIVE_COMPILATION_CONDITIONS = DEBUG;
				SWIFT_OPTIMIZATION_LEVEL = "-Onone";
				TARGETED_DEVICE_FAMILY = "1,2";
			};
			name = Debug;
		};
		2D5BA4381E5E969200A01DF9 /* Release */ = {
			isa = XCBuildConfiguration;
			buildSettings = {
				ALWAYS_SEARCH_USER_PATHS = NO;
				CLANG_ANALYZER_NONNULL = YES;
				CLANG_CXX_LANGUAGE_STANDARD = "gnu++0x";
				CLANG_CXX_LIBRARY = "libc++";
				CLANG_ENABLE_MODULES = YES;
				CLANG_ENABLE_OBJC_ARC = YES;
				CLANG_WARN_BOOL_CONVERSION = YES;
				CLANG_WARN_CONSTANT_CONVERSION = YES;
				CLANG_WARN_DIRECT_OBJC_ISA_USAGE = YES_ERROR;
				CLANG_WARN_DOCUMENTATION_COMMENTS = YES;
				CLANG_WARN_EMPTY_BODY = YES;
				CLANG_WARN_ENUM_CONVERSION = YES;
				CLANG_WARN_INFINITE_RECURSION = YES;
				CLANG_WARN_INT_CONVERSION = YES;
				CLANG_WARN_OBJC_ROOT_CLASS = YES_ERROR;
				CLANG_WARN_SUSPICIOUS_MOVE = YES;
				CLANG_WARN_UNREACHABLE_CODE = YES;
				CLANG_WARN__DUPLICATE_METHOD_MATCH = YES;
				"CODE_SIGN_IDENTITY[sdk=iphoneos*]" = "iPhone Developer";
				COPY_PHASE_STRIP = NO;
				DEBUG_INFORMATION_FORMAT = "dwarf-with-dsym";
				ENABLE_NS_ASSERTIONS = NO;
				ENABLE_STRICT_OBJC_MSGSEND = YES;
				GCC_C_LANGUAGE_STANDARD = gnu99;
				GCC_NO_COMMON_BLOCKS = YES;
				GCC_WARN_64_TO_32_BIT_CONVERSION = YES;
				GCC_WARN_ABOUT_RETURN_TYPE = YES_ERROR;
				GCC_WARN_UNDECLARED_SELECTOR = YES;
				GCC_WARN_UNINITIALIZED_AUTOS = YES_AGGRESSIVE;
				GCC_WARN_UNUSED_FUNCTION = YES;
				GCC_WARN_UNUSED_VARIABLE = YES;
				IPHONEOS_DEPLOYMENT_TARGET = 10.2;
				MTL_ENABLE_DEBUG_INFO = NO;
				SDKROOT = iphoneos;
				SWIFT_OPTIMIZATION_LEVEL = "-Owholemodule";
				TARGETED_DEVICE_FAMILY = "1,2";
				VALIDATE_PRODUCT = YES;
			};
			name = Release;
		};
		2D5BA43A1E5E969200A01DF9 /* Debug */ = {
			isa = XCBuildConfiguration;
			buildSettings = {
				ASSETCATALOG_COMPILER_APPICON_NAME = AppIcon;
				"CODE_SIGN_IDENTITY[sdk=iphoneos*]" = "iPhone Developer";
				DEVELOPMENT_TEAM = 37FT5JDGMA;
				INFOPLIST_FILE = Calculator/Info.plist;
				LD_RUNPATH_SEARCH_PATHS = "$(inherited) @executable_path/Frameworks";
				PRODUCT_BUNDLE_IDENTIFIER = com.ddstudio.Calculator;
				PRODUCT_NAME = "$(TARGET_NAME)";
				SWIFT_VERSION = 3.0;
				TARGETED_DEVICE_FAMILY = "1,2";
			};
			name = Debug;
		};
		2D5BA43B1E5E969200A01DF9 /* Release */ = {
			isa = XCBuildConfiguration;
			buildSettings = {
				ASSETCATALOG_COMPILER_APPICON_NAME = AppIcon;
				"CODE_SIGN_IDENTITY[sdk=iphoneos*]" = "iPhone Developer";
				DEVELOPMENT_TEAM = 37FT5JDGMA;
				INFOPLIST_FILE = Calculator/Info.plist;
				LD_RUNPATH_SEARCH_PATHS = "$(inherited) @executable_path/Frameworks";
				PRODUCT_BUNDLE_IDENTIFIER = com.ddstudio.Calculator;
				PRODUCT_NAME = "$(TARGET_NAME)";
				SWIFT_VERSION = 3.0;
				TARGETED_DEVICE_FAMILY = "1,2";
			};
			name = Release;
		};
/* End XCBuildConfiguration section */

/* Begin XCConfigurationList section */
		2D5BA4221E5E969100A01DF9 /* Build configuration list for PBXProject "Calculator" */ = {
			isa = XCConfigurationList;
			buildConfigurations = (
				2D5BA4371E5E969200A01DF9 /* Debug */,
				2D5BA4381E5E969200A01DF9 /* Release */,
			);
			defaultConfigurationIsVisible = 0;
			defaultConfigurationName = Release;
		};
		2D5BA4391E5E969200A01DF9 /* Build configuration list for PBXNativeTarget "Calculator" */ = {
			isa = XCConfigurationList;
			buildConfigurations = (
				2D5BA43A1E5E969200A01DF9 /* Debug */,
				2D5BA43B1E5E969200A01DF9 /* Release */,
			);
			defaultConfigurationIsVisible = 0;
			defaultConfigurationName = Release;
		};
/* End XCConfigurationList section */
	};
	rootObject = 2D5BA41F1E5E969100A01DF9 /* Project object */;
}
